{
  "name": "stigma",
  "version": "1.0.0",
  "lockfileVersion": 1,
  "requires": true,
  "dependencies": {
    "react-dice-roll": {
      "version": "1.1.1",
      "resolved": "https://registry.npmjs.org/react-dice-roll/-/react-dice-roll-1.1.1.tgz",
      "integrity": "sha512-/O2xVZmqZPEP7P22zA9+lYOmjcU4XqcrCd4WX/aGSaTHvSD++wRCH2myR+MIxtLQvpAxjVtiM8lKzyatFw3+VQ=="
    }
  }
}
